
Microsoft Visual Studio Solution File, Format Version 12.00
# Visual Studio Version 17
VisualStudioVersion = 17.13.36105.23 d17.13
MinimumVisualStudioVersion = 10.0.40219.1
Project("{FAE04EC0-301F-11D3-BF4B-00C04F79EFBC}") = "CPS_5RH", "CPS_5RH.csproj", "{A427D0FC-C85B-1944-2EE5-990528E2E376}"
EndProject
Global
	GlobalSection(SolutionConfigurationPlatforms) = preSolution
		Debug|Any CPU = Debug|Any CPU
		Release|Any CPU = Release|Any CPU
	EndGlobalSection
	GlobalSection(ProjectConfigurationPlatforms) = postSolution
		{A427D0FC-C85B-1944-2EE5-990528E2E376}.Debug|Any CPU.ActiveCfg = Debug|Any CPU
		{A427D0FC-C85B-1944-2EE5-990528E2E376}.Debug|Any CPU.Build.0 = Debug|Any CPU
		{A427D0FC-C85B-1944-2EE5-990528E2E376}.Release|Any CPU.ActiveCfg = Release|Any CPU
		{A427D0FC-C85B-1944-2EE5-990528E2E376}.Release|Any CPU.Build.0 = Release|Any CPU
	EndGlobalSection
	GlobalSection(SolutionProperties) = preSolution
		HideSolutionNode = FALSE
	EndGlobalSection
	GlobalSection(ExtensibilityGlobals) = postSolution
		SolutionGuid = {D4BC7AD0-86B8-4D3A-9F27-390C57921EDB}
	EndGlobalSection
EndGlobal
